
Microsoft Visual Studio Solution File, Format Version 12.00
# Visual Studio Version 17
VisualStudioVersion = 17.3.32929.385
MinimumVisualStudioVersion = 10.0.40219.1
Project("{9A19103F-16F7-4668-BE54-9A1E7A4F7556}") = "ConsoleApp1", "ConsoleApp1\ConsoleApp1.csproj", "{0B67011A-37D4-427F-B1E9-413FD2E2813D}"
EndProject
Global
	GlobalSection(SolutionConfigurationPlatforms) = preSolution
		Debug|Any CPU = Debug|Any CPU
		Release|Any CPU = Release|Any CPU
	EndGlobalSection
	GlobalSection(ProjectConfigurationPlatforms) = postSolution
		{0B67011A-37D4-427F-B1E9-413FD2E2813D}.Debug|Any CPU.ActiveCfg = Debug|Any CPU
		{0B67011A-37D4-427F-B1E9-413FD2E2813D}.Debug|Any CPU.Build.0 = Debug|Any CPU
		{0B67011A-37D4-427F-B1E9-413FD2E2813D}.Release|Any CPU.ActiveCfg = Release|Any CPU
		{0B67011A-37D4-427F-B1E9-413FD2E2813D}.Release|Any CPU.Build.0 = Release|Any CPU
	EndGlobalSection
	GlobalSection(SolutionProperties) = preSolution
		HideSolutionNode = FALSE
	EndGlobalSection
	GlobalSection(ExtensibilityGlobals) = postSolution
		SolutionGuid = {30D345F1-1CCE-4707-8C40-6AF34C2DA034}
	EndGlobalSection
EndGlobal
